
Microsoft Visual Studio Solution File, Format Version 12.00
# Visual Studio Version 17
VisualStudioVersion = 17.11.35222.181
MinimumVisualStudioVersion = 10.0.40219.1
Project("{9A19103F-16F7-4668-BE54-9A1E7A4F7556}") = "VCMApp.Infrastructure", "VCMApp.Infrastructure\VCMApp.Infrastructure.csproj", "{33D791B2-0C3E-4C9F-A9AC-5EA405060455}"
EndProject
Project("{9A19103F-16F7-4668-BE54-9A1E7A4F7556}") = "VCMApp.Application", "VCMApp.Application\VCMApp.Application.csproj", "{B1163F21-4D17-4290-A3BC-BD726F1DDBFF}"
EndProject
Project("{9A19103F-16F7-4668-BE54-9A1E7A4F7556}") = "VCMApp.UI", "VCMApp.UI\VCMApp.UI.csproj", "{901A9F65-A9EF-4BE1-A075-F66C8ECA8462}"
EndProject
Project("{9A19103F-16F7-4668-BE54-9A1E7A4F7556}") = "VCMApp.Application.Tests", "VCMApp.Application.Tests\VCMApp.Application.Tests.csproj", "{88B69DA9-EB3A-4362-BD7A-8718BEB493E0}"
EndProject
Project("{FAE04EC0-301F-11D3-BF4B-00C04F79EFBC}") = "VCMApp.LightDomain", "VCMApp.LightDomain\VCMApp.LightDomain.csproj", "{3AF54CE4-B3AB-4B7C-912F-33A7C7D1D65D}"
EndProject
Global
	GlobalSection(SolutionConfigurationPlatforms) = preSolution
		Debug|Any CPU = Debug|Any CPU
		Release|Any CPU = Release|Any CPU
	EndGlobalSection
	GlobalSection(ProjectConfigurationPlatforms) = postSolution
		{33D791B2-0C3E-4C9F-A9AC-5EA405060455}.Debug|Any CPU.ActiveCfg = Debug|Any CPU
		{33D791B2-0C3E-4C9F-A9AC-5EA405060455}.Debug|Any CPU.Build.0 = Debug|Any CPU
		{33D791B2-0C3E-4C9F-A9AC-5EA405060455}.Release|Any CPU.ActiveCfg = Release|Any CPU
		{33D791B2-0C3E-4C9F-A9AC-5EA405060455}.Release|Any CPU.Build.0 = Release|Any CPU
		{B1163F21-4D17-4290-A3BC-BD726F1DDBFF}.Debug|Any CPU.ActiveCfg = Debug|Any CPU
		{B1163F21-4D17-4290-A3BC-BD726F1DDBFF}.Debug|Any CPU.Build.0 = Debug|Any CPU
		{B1163F21-4D17-4290-A3BC-BD726F1DDBFF}.Release|Any CPU.ActiveCfg = Release|Any CPU
		{B1163F21-4D17-4290-A3BC-BD726F1DDBFF}.Release|Any CPU.Build.0 = Release|Any CPU
		{901A9F65-A9EF-4BE1-A075-F66C8ECA8462}.Debug|Any CPU.ActiveCfg = Debug|Any CPU
		{901A9F65-A9EF-4BE1-A075-F66C8ECA8462}.Debug|Any CPU.Build.0 = Debug|Any CPU
		{901A9F65-A9EF-4BE1-A075-F66C8ECA8462}.Release|Any CPU.ActiveCfg = Release|Any CPU
		{901A9F65-A9EF-4BE1-A075-F66C8ECA8462}.Release|Any CPU.Build.0 = Release|Any CPU
		{88B69DA9-EB3A-4362-BD7A-8718BEB493E0}.Debug|Any CPU.ActiveCfg = Debug|Any CPU
		{88B69DA9-EB3A-4362-BD7A-8718BEB493E0}.Debug|Any CPU.Build.0 = Debug|Any CPU
		{88B69DA9-EB3A-4362-BD7A-8718BEB493E0}.Release|Any CPU.ActiveCfg = Release|Any CPU
		{88B69DA9-EB3A-4362-BD7A-8718BEB493E0}.Release|Any CPU.Build.0 = Release|Any CPU
		{3AF54CE4-B3AB-4B7C-912F-33A7C7D1D65D}.Debug|Any CPU.ActiveCfg = Debug|Any CPU
		{3AF54CE4-B3AB-4B7C-912F-33A7C7D1D65D}.Debug|Any CPU.Build.0 = Debug|Any CPU
		{3AF54CE4-B3AB-4B7C-912F-33A7C7D1D65D}.Release|Any CPU.ActiveCfg = Release|Any CPU
		{3AF54CE4-B3AB-4B7C-912F-33A7C7D1D65D}.Release|Any CPU.Build.0 = Release|Any CPU
	EndGlobalSection
	GlobalSection(SolutionProperties) = preSolution
		HideSolutionNode = FALSE
	EndGlobalSection
	GlobalSection(ExtensibilityGlobals) = postSolution
		SolutionGuid = {D2607188-7817-4160-8063-D91B40EF6D8F}
	EndGlobalSection
EndGlobal
